
Microsoft Visual Studio Solution File, Format Version 12.00
# Visual Studio 2015
Project("{FAE04EC0-301F-11D3-BF4B-00C04F79EFBC}") = "Game0", "Game0.csproj", "{BF279171-C582-B1CC-9C38-0E6AC6C53DE5}"
EndProject
Project("{FAE04EC0-301F-11D3-BF4B-00C04F79EFBC}") = "Game0.Editor", "Game0.Editor.csproj", "{4CEAC4AC-B831-BC5B-5C7F-6086D9437FFE}"
EndProject
Global
	GlobalSection(SolutionConfigurationPlatforms) = preSolution
		Debug|Any CPU = Debug|Any CPU
		Release|Any CPU = Release|Any CPU
	EndGlobalSection
	GlobalSection(ProjectConfigurationPlatforms) = postSolution
		{BF279171-C582-B1CC-9C38-0E6AC6C53DE5}.Debug|Any CPU.ActiveCfg = Debug|Any CPU
		{BF279171-C582-B1CC-9C38-0E6AC6C53DE5}.Debug|Any CPU.Build.0 = Debug|Any CPU
		{BF279171-C582-B1CC-9C38-0E6AC6C53DE5}.Release|Any CPU.ActiveCfg = Release|Any CPU
		{BF279171-C582-B1CC-9C38-0E6AC6C53DE5}.Release|Any CPU.Build.0 = Release|Any CPU
		{4CEAC4AC-B831-BC5B-5C7F-6086D9437FFE}.Debug|Any CPU.ActiveCfg = Debug|Any CPU
		{4CEAC4AC-B831-BC5B-5C7F-6086D9437FFE}.Debug|Any CPU.Build.0 = Debug|Any CPU
		{4CEAC4AC-B831-BC5B-5C7F-6086D9437FFE}.Release|Any CPU.ActiveCfg = Release|Any CPU
		{4CEAC4AC-B831-BC5B-5C7F-6086D9437FFE}.Release|Any CPU.Build.0 = Release|Any CPU
	EndGlobalSection
	GlobalSection(SolutionProperties) = preSolution
		HideSolutionNode = FALSE
	EndGlobalSection
EndGlobal
